// !$*UTF8*$!
{
	archiveVersion = 1;
	classes = {
	};
	objectVersion = 50;
	objects = {

/* Begin PBXBuildFile section */
		323201D120FC681500076162 /* AppDelegate.m in Sources */ = {isa = PBXBuildFile; fileRef = 323201D020FC681500076162 /* AppDelegate.m */; };
		323201D420FC681500076162 /* ViewController.m in Sources */ = {isa = PBXBuildFile; fileRef = 323201D320FC681500076162 /* ViewController.m */; };
		323201D720FC681500076162 /* Main.storyboard in Resources */ = {isa = PBXBuildFile; fileRef = 323201D520FC681500076162 /* Main.storyboard */; };
		323201D920FC681700076162 /* Assets.xcassets in Resources */ = {isa = PBXBuildFile; fileRef = 323201D820FC681700076162 /* Assets.xcassets */; };
		323201DC20FC681700076162 /* LaunchScreen.storyboard in Resources */ = {isa = PBXBuildFile; fileRef = 323201DA20FC681700076162 /* LaunchScreen.storyboard */; };
		323201DF20FC681700076162 /* main.m in Sources */ = {isa = PBXBuildFile; fileRef = 323201DE20FC681700076162 /* main.m */; };
		323201E720FC686100076162 /* AudioUnitRecordController.m in Sources */ = {isa = PBXBuildFile; fileRef = 323201E620FC686100076162 /* AudioUnitRecordController.m */; };
/* End PBXBuildFile section */

/* Begin PBXFileReference section */
		323201CC20FC681500076162 /* AudioRecordDemo.app */ = {isa = PBXFileReference; explicitFileType = wrapper.application; includeInIndex = 0; path = AudioRecordDemo.app; sourceTree = BUILT_PRODUCTS_DIR; };
		323201CF20FC681500076162 /* AppDelegate.h */ = {isa = PBXFileReference; lastKnownFileType = sourcecode.c.h; path = AppDelegate.h; sourceTree = "<group>"; };
		323201D020FC681500076162 /* AppDelegate.m */ = {isa = PBXFileReference; lastKnownFileType = sourcecode.c.objc; path = AppDelegate.m; sourceTree = "<group>"; };
		323201D220FC681500076162 /* ViewController.h */ = {isa = PBXFileReference; lastKnownFileType = sourcecode.c.h; path = ViewController.h; sourceTree = "<group>"; };
		323201D320FC681500076162 /* ViewController.m */ = {isa = PBXFileReference; lastKnownFileType = sourcecode.c.objc; path = ViewController.m; sourceTree = "<group>"; };
		323201D620FC681500076162 /* Base */ = {isa = PBXFileReference; lastKnownFileType = file.storyboard; name = Base; path = Base.lproj/Main.storyboard; sourceTree = "<group>"; };
		323201D820FC681700076162 /* Assets.xcassets */ = {isa = PBXFileReference; lastKnownFileType = folder.assetcatalog; path = Assets.xcassets; sourceTree = "<group>"; };
		323201DB20FC681700076162 /* Base */ = {isa = PBXFileReference; lastKnownFileType = file.storyboard; name = Base; path = Base.lproj/LaunchScreen.storyboard; sourceTree = "<group>"; };
		323201DD20FC681700076162 /* Info.plist */ = {isa = PBXFileReference; lastKnownFileType = text.plist.xml; path = Info.plist; sourceTree = "<group>"; };
		323201DE20FC681700076162 /* main.m */ = {isa = PBXFileReference; lastKnownFileType = sourcecode.c.objc; path = main.m; sourceTree = "<group>"; };
		323201E520FC686100076162 /* AudioUnitRecordController.h */ = {isa = PBXFileReference; lastKnownFileType = sourcecode.c.h; path = AudioUnitRecordController.h; sourceTree = "<group>"; };
		323201E620FC686100076162 /* AudioUnitRecordController.m */ = {isa = PBXFileReference; lastKnownFileType = sourcecode.c.objc; path = AudioUnitRecordController.m; sourceTree = "<group>"; };
/* End PBXFileReference section */

/* Begin PBXFrameworksBuildPhase section */
		323201C920FC681500076162 /* Frameworks */ = {
			isa = PBXFrameworksBuildPhase;
			buildActionMask = 2147483647;
			files = (
			);
			runOnlyForDeploymentPostprocessing = 0;
		};
/* End PBXFrameworksBuildPhase section */

/* Begin PBXGroup section */
		323201C320FC681500076162 = {
			isa = PBXGroup;
			children = (
				323201CE20FC681500076162 /* AudioRecordDemo */,
				323201CD20FC681500076162 /* Products */,
			);
			sourceTree = "<group>";
		};
		323201CD20FC681500076162 /* Products */ = {
			isa = PBXGroup;
			children = (
				323201CC20FC681500076162 /* AudioRecordDemo.app */,
			);
			name = Products;
			sourceTree = "<group>";
		};
		323201CE20FC681500076162 /* AudioRecordDemo */ = {
			isa = PBXGroup;
			children = (
				323201CF20FC681500076162 /* AppDelegate.h */,
				323201D020FC681500076162 /* AppDelegate.m */,
				323201D220FC681500076162 /* ViewController.h */,
				323201D320FC681500076162 /* ViewController.m */,
				323201D520FC681500076162 /* Main.storyboard */,
				323201D820FC681700076162 /* Assets.xcassets */,
				323201DA20FC681700076162 /* LaunchScreen.storyboard */,
				323201DD20FC681700076162 /* Info.plist */,
				323201DE20FC681700076162 /* main.m */,
				323201E520FC686100076162 /* AudioUnitRecordController.h */,
				323201E620FC686100076162 /* AudioUnitRecordController.m */,
			);
			path = AudioRecordDemo;
			sourceTree = "<group>";
		};
/* End PBXGroup section */

/* Begin PBXNativeTarget section */
		323201CB20FC681500076162 /* AudioRecordDemo */ = {
			isa = PBXNativeTarget;
			buildConfigurationList = 323201E220FC681700076162 /* Build configuration list for PBXNativeTarget "AudioRecordDemo" */;
			buildPhases = (
				323201C820FC681500076162 /* Sources */,
				323201C920FC681500076162 /* Frameworks */,
				323201CA20FC681500076162 /* Resources */,
			);
			buildRules = (
			);
			dependencies = (
			);
			name = AudioRecordDemo;
			productName = AudioRecordDemo;
			productReference = 323201CC20FC681500076162 /* AudioRecordDemo.app */;
			productType = "com.apple.product-type.application";
		};
/* End PBXNativeTarget section */

/* Begin PBXProject section */
		323201C420FC681500076162 /* Project object */ = {
			isa = PBXProject;
			attributes = {
				LastUpgradeCheck = 0930;
				ORGANIZATIONNAME = "VIA Technologies, Inc. & OLAMI Team";
				TargetAttributes = {
					323201CB20FC681500076162 = {
						CreatedOnToolsVersion = 9.3;
					};
				};
			};
			buildConfigurationList = 323201C720FC681500076162 /* Build configuration list for PBXProject "AudioRecordDemo" */;
			compatibilityVersion = "Xcode 9.3";
			developmentRegion = en;
			hasScannedForEncodings = 0;
			knownRegions = (
				en,
				Base,
			);
			mainGroup = 323201C320FC681500076162;
			productRefGroup = 323201CD20FC681500076162 /* Products */;
			projectDirPath = "";
			projectRoot = "";
			targets = (
				323201CB20FC681500076162 /* AudioRecordDemo */,
			);
		};
/* End PBXProject section */

/* Begin PBXResourcesBuildPhase section */
		323201CA20FC681500076162 /* Resources */ = {
			isa = PBXResourcesBuildPhase;
			buildActionMask = 2147483647;
			files = (
				323201DC20FC681700076162 /* LaunchScreen.storyboard in Resources */,
				323201D920FC681700076162 /* Assets.xcassets in Resources */,
				323201D720FC681500076162 /* Main.storyboard in Resources */,
			);
			runOnlyForDeploymentPostprocessing = 0;
		};
/* End PBXResourcesBuildPhase section */

/* Begin PBXSourcesBuildPhase section */
		323201C820FC681500076162 /* Sources */ = {
			isa = PBXSourcesBuildPhase;
			buildActionMask = 2147483647;
			files = (
				323201D420FC681500076162 /* ViewController.m in Sources */,
				323201DF20FC681700076162 /* main.m in Sources */,
				323201D120FC681500076162 /* AppDelegate.m in Sources */,
				323201E720FC686100076162 /* AudioUnitRecordController.m in Sources */,
			);
			runOnlyForDeploymentPostprocessing = 0;
		};
/* End PBXSourcesBuildPhase section */

/* Begin PBXVariantGroup section */
		323201D520FC681500076162 /* Main.storyboard */ = {
			isa = PBXVariantGroup;
			children = (
				323201D620FC681500076162 /* Base */,
			);
			name = Main.storyboard;
			sourceTree = "<group>";
		};
		323201DA20FC681700076162 /* LaunchScreen.storyboard */ = {
			isa = PBXVariantGroup;
			children = (
				323201DB20FC681700076162 /* Base */,
			);
			name = LaunchScreen.storyboard;
			sourceTree = "<group>";
		};
/* End PBXVariantGroup section */

/* Begin XCBuildConfiguration section */
		323201E020FC681700076162 /* Debug */ = {
			isa = XCBuildConfiguration;
			buildSettings = {
				ALWAYS_SEARCH_USER_PATHS = NO;
				CLANG_ANALYZER_NONNULL = YES;
				CLANG_ANALYZER_NUMBER_OBJECT_CONVERSION = YES_AGGRESSIVE;
				CLANG_CXX_LANGUAGE_STANDARD = "gnu++14";
				CLANG_CXX_LIBRARY = "libc++";
				CLANG_ENABLE_MODULES = YES;
				CLANG_ENABLE_OBJC_ARC = YES;
				CLANG_ENABLE_OBJC_WEAK = YES;
				CLANG_WARN_BLOCK_CAPTURE_AUTORELEASING = YES;
				CLANG_WARN_BOOL_CONVERSION = YES;
				CLANG_WARN_COMMA = YES;
				CLANG_WARN_CONSTANT_CONVERSION = YES;
				CLANG_WARN_DEPRECATED_OBJC_IMPLEMENTATIONS = YES;
				CLANG_WARN_DIRECT_OBJC_ISA_USAGE = YES_ERROR;
				CLANG_WARN_DOCUMENTATION_COMMENTS = YES;
				CLANG_WARN_EMPTY_BODY = YES;
				CLANG_WARN_ENUM_CONVERSION = YES;
				CLANG_WARN_INFINITE_RECURSION = YES;
				CLANG_WARN_INT_CONVERSION = YES;
				CLANG_WARN_NON_LITERAL_NULL_CONVERSION = YES;
				CLANG_WARN_OBJC_IMPLICIT_RETAIN_SELF = YES;
				CLANG_WARN_OBJC_LITERAL_CONVERSION = YES;
				CLANG_WARN_OBJC_ROOT_CLASS = YES_ERROR;
				CLANG_WARN_RANGE_LOOP_ANALYSIS = YES;
				CLANG_WARN_STRICT_PROTOTYPES = YES;
				CLANG_WARN_SUSPICIOUS_MOVE = YES;
				CLANG_WARN_UNGUARDED_AVAILABILITY = YES_AGGRESSIVE;
				CLANG_WARN_UNREACHABLE_CODE = YES;
				CLANG_WARN__DUPLICATE_METHOD_MATCH = YES;
				CODE_SIGN_IDENTITY = "iPhone Developer";
				COPY_PHASE_STRIP = NO;
				DEBUG_INFORMATION_FORMAT = dwarf;
				ENABLE_STRICT_OBJC_MSGSEND = YES;
				ENABLE_TESTABILITY = YES;
				GCC_C_LANGUAGE_STANDARD = gnu11;
				GCC_DYNAMIC_NO_PIC = NO;
				GCC_NO_COMMON_BLOCKS = YES;
				GCC_OPTIMIZATION_LEVEL = 0;
				GCC_PREPROCESSOR_DEFINITIONS = (
					"DEBUG=1",
					"$(inherited)",
				);
				GCC_WARN_64_TO_32_BIT_CONVERSION = YES;
				GCC_WARN_ABOUT_RETURN_TYPE = YES_ERROR;
				GCC_WARN_UNDECLARED_SELECTOR = YES;
				GCC_WARN_UNINITIALIZED_AUTOS = YES_AGGRESSIVE;
				GCC_WARN_UNUSED_FUNCTION = YES;
				GCC_WARN_UNUSED_VARIABLE = YES;
				IPHONEOS_DEPLOYMENT_TARGET = 11.3;
				MTL_ENABLE_DEBUG_INFO = YES;
				ONLY_ACTIVE_ARCH = YES;
				SDKROOT = iphoneos;
			};
			name = Debug;
		};
		323201E120FC681700076162 /* Release */ = {
			isa = XCBuildConfiguration;
			buildSettings = {
				ALWAYS_SEARCH_USER_PATHS = NO;
				CLANG_ANALYZER_NONNULL = YES;
				CLANG_ANALYZER_NUMBER_OBJECT_CONVERSION = YES_AGGRESSIVE;
				CLANG_CXX_LANGUAGE_STANDARD = "gnu++14";
				CLANG_CXX_LIBRARY = "libc++";
				CLANG_ENABLE_MODULES = YES;
				CLANG_ENABLE_OBJC_ARC = YES;
				CLANG_ENABLE_OBJC_WEAK = YES;
				CLANG_WARN_BLOCK_CAPTURE_AUTORELEASING = YES;
				CLANG_WARN_BOOL_CONVERSION = YES;
				CLANG_WARN_COMMA = YES;
				CLANG_WARN_CONSTANT_CONVERSION = YES;
				CLANG_WARN_DEPRECATED_OBJC_IMPLEMENTATIONS = YES;
				CLANG_WARN_DIRECT_OBJC_ISA_USAGE = YES_ERROR;
				CLANG_WARN_DOCUMENTATION_COMMENTS = YES;
				CLANG_WARN_EMPTY_BODY = YES;
				CLANG_WARN_ENUM_CONVERSION = YES;
				CLANG_WARN_INFINITE_RECURSION = YES;
				CLANG_WARN_INT_CONVERSION = YES;
				CLANG_WARN_NON_LITERAL_NULL_CONVERSION = YES;
				CLANG_WARN_OBJC_IMPLICIT_RETAIN_SELF = YES;
				CLANG_WARN_OBJC_LITERAL_CONVERSION = YES;
				CLANG_WARN_OBJC_ROOT_CLASS = YES_ERROR;
				CLANG_WARN_RANGE_LOOP_ANALYSIS = YES;
				CLANG_WARN_STRICT_PROTOTYPES = YES;
				CLANG_WARN_SUSPICIOUS_MOVE = YES;
				CLANG_WARN_UNGUARDED_AVAILABILITY = YES_AGGRESSIVE;
				CLANG_WARN_UNREACHABLE_CODE = YES;
				CLANG_WARN__DUPLICATE_METHOD_MATCH = YES;
				CODE_SIGN_IDENTITY = "iPhone Developer";
				COPY_PHASE_STRIP = NO;
				DEBUG_INFORMATION_FORMAT = "dwarf-with-dsym";
				ENABLE_NS_ASSERTIONS = NO;
				ENABLE_STRICT_OBJC_MSGSEND = YES;
				GCC_C_LANGUAGE_STANDARD = gnu11;
				GCC_NO_COMMON_BLOCKS = YES;
				GCC_WARN_64_TO_32_BIT_CONVERSION = YES;
				GCC_WARN_ABOUT_RETURN_TYPE = YES_ERROR;
				GCC_WARN_UNDECLARED_SELECTOR = YES;
				GCC_WARN_UNINITIALIZED_AUTOS = YES_AGGRESSIVE;
				GCC_WARN_UNUSED_FUNCTION = YES;
				GCC_WARN_UNUSED_VARIABLE = YES;
				IPHONEOS_DEPLOYMENT_TARGET = 11.3;
				MTL_ENABLE_DEBUG_INFO = NO;
				SDKROOT = iphoneos;
				VALIDATE_PRODUCT = YES;
			};
			name = Release;
		};
		323201E320FC681700076162 /* Debug */ = {
			isa = XCBuildConfiguration;
			buildSettings = {
				ASSETCATALOG_COMPILER_APPICON_NAME = AppIcon;
				CODE_SIGN_STYLE = Automatic;
				DEVELOPMENT_TEAM = 3CAWU27LX9;
				INFOPLIST_FILE = AudioRecordDemo/Info.plist;
				IPHONEOS_DEPLOYMENT_TARGET = 10.0;
				LD_RUNPATH_SEARCH_PATHS = (
					"$(inherited)",
					"@executable_path/Frameworks",
				);
				PRODUCT_BUNDLE_IDENTIFIER = ai.olami.AudioRecordDemo;
				PRODUCT_NAME = "$(TARGET_NAME)";
				TARGETED_DEVICE_FAMILY = "1,2";
			};
			name = Debug;
		};
		323201E420FC681700076162 /* Release */ = {
			isa = XCBuildConfiguration;
			buildSettings = {
				ASSETCATALOG_COMPILER_APPICON_NAME = AppIcon;
				CODE_SIGN_STYLE = Automatic;
				DEVELOPMENT_TEAM = 3CAWU27LX9;
				INFOPLIST_FILE = AudioRecordDemo/Info.plist;
				IPHONEOS_DEPLOYMENT_TARGET = 10.0;
				LD_RUNPATH_SEARCH_PATHS = (
					"$(inherited)",
					"@executable_path/Frameworks",
				);
				PRODUCT_BUNDLE_IDENTIFIER = ai.olami.AudioRecordDemo;
				PRODUCT_NAME = "$(TARGET_NAME)";
				TARGETED_DEVICE_FAMILY = "1,2";
			};
			name = Release;
		};
/* End XCBuildConfiguration section */

/* Begin XCConfigurationList section */
		323201C720FC681500076162 /* Build configuration list for PBXProject "AudioRecordDemo" */ = {
			isa = XCConfigurationList;
			buildConfigurations = (
				323201E020FC681700076162 /* Debug */,
				323201E120FC681700076162 /* Release */,
			);
			defaultConfigurationIsVisible = 0;
			defaultConfigurationName = Release;
		};
		323201E220FC681700076162 /* Build configuration list for PBXNativeTarget "AudioRecordDemo" */ = {
			isa = XCConfigurationList;
			buildConfigurations = (
				323201E320FC681700076162 /* Debug */,
				323201E420FC681700076162 /* Release */,
			);
			defaultConfigurationIsVisible = 0;
			defaultConfigurationName = Release;
		};
/* End XCConfigurationList section */
	};
	rootObject = 323201C420FC681500076162 /* Project object */;
}
